// !$*UTF8*$!
{
	archiveVersion = 1;
	classes = {
	};
	objectVersion = 48;
	objects = {

/* Begin PBXBuildFile section */
		896EF3C81FE032AC00EE2206 /* AppDelegate.swift in Sources */ = {isa = PBXBuildFile; fileRef = 896EF3C71FE032AC00EE2206 /* AppDelegate.swift */; };
		896EF3CA1FE032AC00EE2206 /* ViewController.swift in Sources */ = {isa = PBXBuildFile; fileRef = 896EF3C91FE032AC00EE2206 /* ViewController.swift */; };
		896EF3CD1FE032AC00EE2206 /* Main.storyboard in Resources */ = {isa = PBXBuildFile; fileRef = 896EF3CB1FE032AC00EE2206 /* Main.storyboard */; };
		896EF3CF1FE032AC00EE2206 /* Assets.xcassets in Resources */ = {isa = PBXBuildFile; fileRef = 896EF3CE1FE032AC00EE2206 /* Assets.xcassets */; };
		896EF3D21FE032AC00EE2206 /* LaunchScreen.storyboard in Resources */ = {isa = PBXBuildFile; fileRef = 896EF3D01FE032AC00EE2206 /* LaunchScreen.storyboard */; };
		896EF3DD1FE032AC00EE2206 /* if26AppMKTests.swift in Sources */ = {isa = PBXBuildFile; fileRef = 896EF3DC1FE032AC00EE2206 /* if26AppMKTests.swift */; };
		896EF3E81FE032AC00EE2206 /* if26AppMKUITests.swift in Sources */ = {isa = PBXBuildFile; fileRef = 896EF3E71FE032AC00EE2206 /* if26AppMKUITests.swift */; };
		896EF4211FE0369700EE2206 /* FMDatabase.m in Sources */ = {isa = PBXBuildFile; fileRef = 896EF4161FE0369700EE2206 /* FMDatabase.m */; };
		896EF4221FE0369700EE2206 /* FMDatabase.m in Sources */ = {isa = PBXBuildFile; fileRef = 896EF4161FE0369700EE2206 /* FMDatabase.m */; };
		896EF4231FE0369700EE2206 /* FMDatabase.m in Sources */ = {isa = PBXBuildFile; fileRef = 896EF4161FE0369700EE2206 /* FMDatabase.m */; };
		896EF4241FE0369700EE2206 /* FMDatabaseAdditions.m in Sources */ = {isa = PBXBuildFile; fileRef = 896EF4181FE0369700EE2206 /* FMDatabaseAdditions.m */; };
		896EF4251FE0369700EE2206 /* FMDatabaseAdditions.m in Sources */ = {isa = PBXBuildFile; fileRef = 896EF4181FE0369700EE2206 /* FMDatabaseAdditions.m */; };
		896EF4261FE0369700EE2206 /* FMDatabaseAdditions.m in Sources */ = {isa = PBXBuildFile; fileRef = 896EF4181FE0369700EE2206 /* FMDatabaseAdditions.m */; };
		896EF4271FE0369700EE2206 /* FMDatabasePool.m in Sources */ = {isa = PBXBuildFile; fileRef = 896EF41A1FE0369700EE2206 /* FMDatabasePool.m */; };
		896EF4281FE0369700EE2206 /* FMDatabasePool.m in Sources */ = {isa = PBXBuildFile; fileRef = 896EF41A1FE0369700EE2206 /* FMDatabasePool.m */; };
		896EF4291FE0369700EE2206 /* FMDatabasePool.m in Sources */ = {isa = PBXBuildFile; fileRef = 896EF41A1FE0369700EE2206 /* FMDatabasePool.m */; };
		896EF42A1FE0369700EE2206 /* FMDatabaseQueue.m in Sources */ = {isa = PBXBuildFile; fileRef = 896EF41C1FE0369700EE2206 /* FMDatabaseQueue.m */; };
		896EF42B1FE0369700EE2206 /* FMDatabaseQueue.m in Sources */ = {isa = PBXBuildFile; fileRef = 896EF41C1FE0369700EE2206 /* FMDatabaseQueue.m */; };
		896EF42C1FE0369700EE2206 /* FMDatabaseQueue.m in Sources */ = {isa = PBXBuildFile; fileRef = 896EF41C1FE0369700EE2206 /* FMDatabaseQueue.m */; };
		896EF42D1FE0369700EE2206 /* FMResultSet.m in Sources */ = {isa = PBXBuildFile; fileRef = 896EF41F1FE0369700EE2206 /* FMResultSet.m */; };
		896EF42E1FE0369700EE2206 /* FMResultSet.m in Sources */ = {isa = PBXBuildFile; fileRef = 896EF41F1FE0369700EE2206 /* FMResultSet.m */; };
		896EF42F1FE0369700EE2206 /* FMResultSet.m in Sources */ = {isa = PBXBuildFile; fileRef = 896EF41F1FE0369700EE2206 /* FMResultSet.m */; };
		896EF4301FE0369700EE2206 /* Info.plist in Resources */ = {isa = PBXBuildFile; fileRef = 896EF4201FE0369700EE2206 /* Info.plist */; };
		896EF4311FE0369700EE2206 /* Info.plist in Resources */ = {isa = PBXBuildFile; fileRef = 896EF4201FE0369700EE2206 /* Info.plist */; };
		896EF4321FE0369700EE2206 /* Info.plist in Resources */ = {isa = PBXBuildFile; fileRef = 896EF4201FE0369700EE2206 /* Info.plist */; };
		896EF44D1FE03B7700EE2206 /* SQLite.framework in Frameworks */ = {isa = PBXBuildFile; fileRef = 896EF43F1FE03B2500EE2206 /* SQLite.framework */; };
		896EF44E1FE03B9400EE2206 /* SQLite.framework in Frameworks */ = {isa = PBXBuildFile; fileRef = 896EF43F1FE03B2500EE2206 /* SQLite.framework */; };
		896EF44F1FE03B9400EE2206 /* SQLite.framework in Embed Frameworks */ = {isa = PBXBuildFile; fileRef = 896EF43F1FE03B2500EE2206 /* SQLite.framework */; settings = {ATTRIBUTES = (CodeSignOnCopy, RemoveHeadersOnCopy, ); }; };
		896EF45C1FE0543F00EE2206 /* utt.png in Resources */ = {isa = PBXBuildFile; fileRef = 896EF4551FE0543F00EE2206 /* utt.png */; };
		89CD8C531FEAB06E008B3C85 /* Marks.swift in Sources */ = {isa = PBXBuildFile; fileRef = 89CD8C521FEAB06E008B3C85 /* Marks.swift */; };
/* End PBXBuildFile section */

/* Begin PBXContainerItemProxy section */
		896EF3D91FE032AC00EE2206 /* PBXContainerItemProxy */ = {
			isa = PBXContainerItemProxy;
			containerPortal = 896EF3BC1FE032AC00EE2206 /* Project object */;
			proxyType = 1;
			remoteGlobalIDString = 896EF3C31FE032AC00EE2206;
			remoteInfo = if26AppMK;
		};
		896EF3E41FE032AC00EE2206 /* PBXContainerItemProxy */ = {
			isa = PBXContainerItemProxy;
			containerPortal = 896EF3BC1FE032AC00EE2206 /* Project object */;
			proxyType = 1;
			remoteGlobalIDString = 896EF3C31FE032AC00EE2206;
			remoteInfo = if26AppMK;
		};
		896EF43E1FE03B2500EE2206 /* PBXContainerItemProxy */ = {
			isa = PBXContainerItemProxy;
			containerPortal = 896EF4341FE03B2500EE2206 /* SQLite.xcodeproj */;
			proxyType = 2;
			remoteGlobalIDString = EE247AD31C3F04ED00AE3E12;
			remoteInfo = "SQLite iOS";
		};
		896EF4401FE03B2500EE2206 /* PBXContainerItemProxy */ = {
			isa = PBXContainerItemProxy;
			containerPortal = 896EF4341FE03B2500EE2206 /* SQLite.xcodeproj */;
			proxyType = 2;
			remoteGlobalIDString = EE247ADD1C3F04ED00AE3E12;
			remoteInfo = "SQLiteTests iOS";
		};
		896EF4421FE03B2500EE2206 /* PBXContainerItemProxy */ = {
			isa = PBXContainerItemProxy;
			containerPortal = 896EF4341FE03B2500EE2206 /* SQLite.xcodeproj */;
			proxyType = 2;
			remoteGlobalIDString = EE247B3C1C3F3ED000AE3E12;
			remoteInfo = "SQLite Mac";
		};
		896EF4441FE03B2500EE2206 /* PBXContainerItemProxy */ = {
			isa = PBXContainerItemProxy;
			containerPortal = 896EF4341FE03B2500EE2206 /* SQLite.xcodeproj */;
			proxyType = 2;
			remoteGlobalIDString = EE247B451C3F3ED000AE3E12;
			remoteInfo = "SQLiteTests Mac";
		};
		896EF4461FE03B2500EE2206 /* PBXContainerItemProxy */ = {
			isa = PBXContainerItemProxy;
			containerPortal = 896EF4341FE03B2500EE2206 /* SQLite.xcodeproj */;
			proxyType = 2;
			remoteGlobalIDString = 03A65E5A1C6BB0F50062603F;
			remoteInfo = "SQLite tvOS";
		};
		896EF4481FE03B2500EE2206 /* PBXContainerItemProxy */ = {
			isa = PBXContainerItemProxy;
			containerPortal = 896EF4341FE03B2500EE2206 /* SQLite.xcodeproj */;
			proxyType = 2;
			remoteGlobalIDString = 03A65E631C6BB0F60062603F;
			remoteInfo = "SQLiteTests tvOS";
		};
		896EF44A1FE03B2500EE2206 /* PBXContainerItemProxy */ = {
			isa = PBXContainerItemProxy;
			containerPortal = 896EF4341FE03B2500EE2206 /* SQLite.xcodeproj */;
			proxyType = 2;
			remoteGlobalIDString = A121AC451CA35C79005A31D1;
			remoteInfo = "SQLite watchOS";
		};
		896EF4501FE03B9400EE2206 /* PBXContainerItemProxy */ = {
			isa = PBXContainerItemProxy;
			containerPortal = 896EF4341FE03B2500EE2206 /* SQLite.xcodeproj */;
			proxyType = 1;
			remoteGlobalIDString = EE247AD21C3F04ED00AE3E12;
			remoteInfo = "SQLite iOS";
		};
/* End PBXContainerItemProxy section */

/* Begin PBXCopyFilesBuildPhase section */
		896EF4521FE03B9400EE2206 /* Embed Frameworks */ = {
			isa = PBXCopyFilesBuildPhase;
			buildActionMask = 2147483647;
			dstPath = "";
			dstSubfolderSpec = 10;
			files = (
				896EF44F1FE03B9400EE2206 /* SQLite.framework in Embed Frameworks */,
			);
			name = "Embed Frameworks";
			runOnlyForDeploymentPostprocessing = 0;
		};
/* End PBXCopyFilesBuildPhase section */

/* Begin PBXFileReference section */
		896EF3C41FE032AC00EE2206 /* if26AppMK.app */ = {isa = PBXFileReference; explicitFileType = wrapper.application; includeInIndex = 0; path = if26AppMK.app; sourceTree = BUILT_PRODUCTS_DIR; };
		896EF3C71FE032AC00EE2206 /* AppDelegate.swift */ = {isa = PBXFileReference; lastKnownFileType = sourcecode.swift; path = AppDelegate.swift; sourceTree = "<group>"; };
		896EF3C91FE032AC00EE2206 /* ViewController.swift */ = {isa = PBXFileReference; lastKnownFileType = sourcecode.swift; path = ViewController.swift; sourceTree = "<group>"; };
		896EF3CC1FE032AC00EE2206 /* Base */ = {isa = PBXFileReference; lastKnownFileType = file.storyboard; name = Base; path = Base.lproj/Main.storyboard; sourceTree = "<group>"; };
		896EF3CE1FE032AC00EE2206 /* Assets.xcassets */ = {isa = PBXFileReference; lastKnownFileType = folder.assetcatalog; path = Assets.xcassets; sourceTree = "<group>"; };
		896EF3D11FE032AC00EE2206 /* Base */ = {isa = PBXFileReference; lastKnownFileType = file.storyboard; name = Base; path = Base.lproj/LaunchScreen.storyboard; sourceTree = "<group>"; };
		896EF3D31FE032AC00EE2206 /* Info.plist */ = {isa = PBXFileReference; lastKnownFileType = text.plist.xml; path = Info.plist; sourceTree = "<group>"; };
		896EF3D81FE032AC00EE2206 /* if26AppMKTests.xctest */ = {isa = PBXFileReference; explicitFileType = wrapper.cfbundle; includeInIndex = 0; path = if26AppMKTests.xctest; sourceTree = BUILT_PRODUCTS_DIR; };
		896EF3DC1FE032AC00EE2206 /* if26AppMKTests.swift */ = {isa = PBXFileReference; lastKnownFileType = sourcecode.swift; path = if26AppMKTests.swift; sourceTree = "<group>"; };
		896EF3DE1FE032AC00EE2206 /* Info.plist */ = {isa = PBXFileReference; lastKnownFileType = text.plist.xml; path = Info.plist; sourceTree = "<group>"; };
		896EF3E31FE032AC00EE2206 /* if26AppMKUITests.xctest */ = {isa = PBXFileReference; explicitFileType = wrapper.cfbundle; includeInIndex = 0; path = if26AppMKUITests.xctest; sourceTree = BUILT_PRODUCTS_DIR; };
		896EF3E71FE032AC00EE2206 /* if26AppMKUITests.swift */ = {isa = PBXFileReference; lastKnownFileType = sourcecode.swift; path = if26AppMKUITests.swift; sourceTree = "<group>"; };
		896EF3E91FE032AC00EE2206 /* Info.plist */ = {isa = PBXFileReference; lastKnownFileType = text.plist.xml; path = Info.plist; sourceTree = "<group>"; };
		896EF4151FE0369700EE2206 /* FMDatabase.h */ = {isa = PBXFileReference; fileEncoding = 4; lastKnownFileType = sourcecode.c.h; path = FMDatabase.h; sourceTree = "<group>"; };
		896EF4161FE0369700EE2206 /* FMDatabase.m */ = {isa = PBXFileReference; fileEncoding = 4; lastKnownFileType = sourcecode.c.objc; path = FMDatabase.m; sourceTree = "<group>"; };
		896EF4171FE0369700EE2206 /* FMDatabaseAdditions.h */ = {isa = PBXFileReference; fileEncoding = 4; lastKnownFileType = sourcecode.c.h; path = FMDatabaseAdditions.h; sourceTree = "<group>"; };
		896EF4181FE0369700EE2206 /* FMDatabaseAdditions.m */ = {isa = PBXFileReference; fileEncoding = 4; lastKnownFileType = sourcecode.c.objc; path = FMDatabaseAdditions.m; sourceTree = "<group>"; };
		896EF4191FE0369700EE2206 /* FMDatabasePool.h */ = {isa = PBXFileReference; fileEncoding = 4; lastKnownFileType = sourcecode.c.h; path = FMDatabasePool.h; sourceTree = "<group>"; };
		896EF41A1FE0369700EE2206 /* FMDatabasePool.m */ = {isa = PBXFileReference; fileEncoding = 4; lastKnownFileType = sourcecode.c.objc; path = FMDatabasePool.m; sourceTree = "<group>"; };
		896EF41B1FE0369700EE2206 /* FMDatabaseQueue.h */ = {isa = PBXFileReference; fileEncoding = 4; lastKnownFileType = sourcecode.c.h; path = FMDatabaseQueue.h; sourceTree = "<group>"; };
		896EF41C1FE0369700EE2206 /* FMDatabaseQueue.m */ = {isa = PBXFileReference; fileEncoding = 4; lastKnownFileType = sourcecode.c.objc; path = FMDatabaseQueue.m; sourceTree = "<group>"; };
		896EF41D1FE0369700EE2206 /* FMDB.h */ = {isa = PBXFileReference; fileEncoding = 4; lastKnownFileType = sourcecode.c.h; path = FMDB.h; sourceTree = "<group>"; };
		896EF41E1FE0369700EE2206 /* FMResultSet.h */ = {isa = PBXFileReference; fileEncoding = 4; lastKnownFileType = sourcecode.c.h; path = FMResultSet.h; sourceTree = "<group>"; };
		896EF41F1FE0369700EE2206 /* FMResultSet.m */ = {isa = PBXFileReference; fileEncoding = 4; lastKnownFileType = sourcecode.c.objc; path = FMResultSet.m; sourceTree = "<group>"; };
		896EF4201FE0369700EE2206 /* Info.plist */ = {isa = PBXFileReference; fileEncoding = 4; lastKnownFileType = text.plist.xml; path = Info.plist; sourceTree = "<group>"; };
		896EF4331FE0371F00EE2206 /* if26AppMKDatabaseHeader.h */ = {isa = PBXFileReference; lastKnownFileType = sourcecode.c.h; path = if26AppMKDatabaseHeader.h; sourceTree = "<group>"; };
		896EF4341FE03B2500EE2206 /* SQLite.xcodeproj */ = {isa = PBXFileReference; lastKnownFileType = "wrapper.pb-project"; name = SQLite.xcodeproj; path = "../../SQLite.swift-master/SQLite.xcodeproj"; sourceTree = "<group>"; };
		896EF4551FE0543F00EE2206 /* utt.png */ = {isa = PBXFileReference; lastKnownFileType = image.png; path = utt.png; sourceTree = "<group>"; };
		89CD8C521FEAB06E008B3C85 /* Marks.swift */ = {isa = PBXFileReference; lastKnownFileType = sourcecode.swift; path = Marks.swift; sourceTree = "<group>"; };
/* End PBXFileReference section */

/* Begin PBXFrameworksBuildPhase section */
		896EF3C11FE032AC00EE2206 /* Frameworks */ = {
			isa = PBXFrameworksBuildPhase;
			buildActionMask = 2147483647;
			files = (
				896EF44E1FE03B9400EE2206 /* SQLite.framework in Frameworks */,
				896EF44D1FE03B7700EE2206 /* SQLite.framework in Frameworks */,
			);
			runOnlyForDeploymentPostprocessing = 0;
		};
		896EF3D51FE032AC00EE2206 /* Frameworks */ = {
			isa = PBXFrameworksBuildPhase;
			buildActionMask = 2147483647;
			files = (
			);
			runOnlyForDeploymentPostprocessing = 0;
		};
		896EF3E01FE032AC00EE2206 /* Frameworks */ = {
			isa = PBXFrameworksBuildPhase;
			buildActionMask = 2147483647;
			files = (
			);
			runOnlyForDeploymentPostprocessing = 0;
		};
/* End PBXFrameworksBuildPhase section */

/* Begin PBXGroup section */
		896EF3BB1FE032AC00EE2206 = {
			isa = PBXGroup;
			children = (
				896EF4331FE0371F00EE2206 /* if26AppMKDatabaseHeader.h */,
				896EF3C61FE032AC00EE2206 /* if26AppMK */,
				896EF3DB1FE032AC00EE2206 /* if26AppMKTests */,
				896EF3E61FE032AC00EE2206 /* if26AppMKUITests */,
				896EF3C51FE032AC00EE2206 /* Products */,
				896EF4341FE03B2500EE2206 /* SQLite.xcodeproj */,
				896EF44C1FE03B7700EE2206 /* Frameworks */,
			);
			sourceTree = "<group>";
		};
		896EF3C51FE032AC00EE2206 /* Products */ = {
			isa = PBXGroup;
			children = (
				896EF3C41FE032AC00EE2206 /* if26AppMK.app */,
				896EF3D81FE032AC00EE2206 /* if26AppMKTests.xctest */,
				896EF3E31FE032AC00EE2206 /* if26AppMKUITests.xctest */,
			);
			name = Products;
			sourceTree = "<group>";
		};
		896EF3C61FE032AC00EE2206 /* if26AppMK */ = {
			isa = PBXGroup;
			children = (
				896EF3C71FE032AC00EE2206 /* AppDelegate.swift */,
				896EF3C91FE032AC00EE2206 /* ViewController.swift */,
				896EF3CB1FE032AC00EE2206 /* Main.storyboard */,
				896EF4551FE0543F00EE2206 /* utt.png */,
				896EF3CE1FE032AC00EE2206 /* Assets.xcassets */,
				896EF3D01FE032AC00EE2206 /* LaunchScreen.storyboard */,
				896EF3D31FE032AC00EE2206 /* Info.plist */,
				896EF4141FE0369700EE2206 /* fmdb */,
				89CD8C521FEAB06E008B3C85 /* Marks.swift */,
			);
			path = if26AppMK;
			sourceTree = "<group>";
		};
		896EF3DB1FE032AC00EE2206 /* if26AppMKTests */ = {
			isa = PBXGroup;
			children = (
				896EF3DC1FE032AC00EE2206 /* if26AppMKTests.swift */,
				896EF3DE1FE032AC00EE2206 /* Info.plist */,
			);
			path = if26AppMKTests;
			sourceTree = "<group>";
		};
		896EF3E61FE032AC00EE2206 /* if26AppMKUITests */ = {
			isa = PBXGroup;
			children = (
				896EF3E71FE032AC00EE2206 /* if26AppMKUITests.swift */,
				896EF3E91FE032AC00EE2206 /* Info.plist */,
			);
			path = if26AppMKUITests;
			sourceTree = "<group>";
		};
		896EF4141FE0369700EE2206 /* fmdb */ = {
			isa = PBXGroup;
			children = (
				896EF4151FE0369700EE2206 /* FMDatabase.h */,
				896EF4161FE0369700EE2206 /* FMDatabase.m */,
				896EF4171FE0369700EE2206 /* FMDatabaseAdditions.h */,
				896EF4181FE0369700EE2206 /* FMDatabaseAdditions.m */,
				896EF4191FE0369700EE2206 /* FMDatabasePool.h */,
				896EF41A1FE0369700EE2206 /* FMDatabasePool.m */,
				896EF41B1FE0369700EE2206 /* FMDatabaseQueue.h */,
				896EF41C1FE0369700EE2206 /* FMDatabaseQueue.m */,
				896EF41D1FE0369700EE2206 /* FMDB.h */,
				896EF41E1FE0369700EE2206 /* FMResultSet.h */,
				896EF41F1FE0369700EE2206 /* FMResultSet.m */,
				896EF4201FE0369700EE2206 /* Info.plist */,
			);
			path = fmdb;
			sourceTree = "<group>";
		};
		896EF4351FE03B2500EE2206 /* Products */ = {
			isa = PBXGroup;
			children = (
				896EF43F1FE03B2500EE2206 /* SQLite.framework */,
				896EF4411FE03B2500EE2206 /* SQLiteTests iOS.xctest */,
				896EF4431FE03B2500EE2206 /* SQLite.framework */,
				896EF4451FE03B2500EE2206 /* SQLiteTests Mac.xctest */,
				896EF4471FE03B2500EE2206 /* SQLite.framework */,
				896EF4491FE03B2500EE2206 /* SQLiteTests tvOS.xctest */,
				896EF44B1FE03B2500EE2206 /* SQLite.framework */,
			);
			name = Products;
			sourceTree = "<group>";
		};
		896EF44C1FE03B7700EE2206 /* Frameworks */ = {
			isa = PBXGroup;
			children = (
			);
			name = Frameworks;
			sourceTree = "<group>";
		};
/* End PBXGroup section */

/* Begin PBXNativeTarget section */
		896EF3C31FE032AC00EE2206 /* if26AppMK */ = {
			isa = PBXNativeTarget;
			buildConfigurationList = 896EF3EC1FE032AC00EE2206 /* Build configuration list for PBXNativeTarget "if26AppMK" */;
			buildPhases = (
				896EF3C01FE032AC00EE2206 /* Sources */,
				896EF3C11FE032AC00EE2206 /* Frameworks */,
				896EF3C21FE032AC00EE2206 /* Resources */,
				896EF4521FE03B9400EE2206 /* Embed Frameworks */,
			);
			buildRules = (
			);
			dependencies = (
				896EF4511FE03B9400EE2206 /* PBXTargetDependency */,
			);
			name = if26AppMK;
			productName = if26AppMK;
			productReference = 896EF3C41FE032AC00EE2206 /* if26AppMK.app */;
			productType = "com.apple.product-type.application";
		};
		896EF3D71FE032AC00EE2206 /* if26AppMKTests */ = {
			isa = PBXNativeTarget;
			buildConfigurationList = 896EF3EF1FE032AC00EE2206 /* Build configuration list for PBXNativeTarget "if26AppMKTests" */;
			buildPhases = (
				896EF3D41FE032AC00EE2206 /* Sources */,
				896EF3D51FE032AC00EE2206 /* Frameworks */,
				896EF3D61FE032AC00EE2206 /* Resources */,
			);
			buildRules = (
			);
			dependencies = (
				896EF3DA1FE032AC00EE2206 /* PBXTargetDependency */,
			);
			name = if26AppMKTests;
			productName = if26AppMKTests;
			productReference = 896EF3D81FE032AC00EE2206 /* if26AppMKTests.xctest */;
			productType = "com.apple.product-type.bundle.unit-test";
		};
		896EF3E21FE032AC00EE2206 /* if26AppMKUITests */ = {
			isa = PBXNativeTarget;
			buildConfigurationList = 896EF3F21FE032AC00EE2206 /* Build configuration list for PBXNativeTarget "if26AppMKUITests" */;
			buildPhases = (
				896EF3DF1FE032AC00EE2206 /* Sources */,
				896EF3E01FE032AC00EE2206 /* Frameworks */,
				896EF3E11FE032AC00EE2206 /* Resources */,
			);
			buildRules = (
			);
			dependencies = (
				896EF3E51FE032AC00EE2206 /* PBXTargetDependency */,
			);
			name = if26AppMKUITests;
			productName = if26AppMKUITests;
			productReference = 896EF3E31FE032AC00EE2206 /* if26AppMKUITests.xctest */;
			productType = "com.apple.product-type.bundle.ui-testing";
		};
/* End PBXNativeTarget section */

/* Begin PBXProject section */
		896EF3BC1FE032AC00EE2206 /* Project object */ = {
			isa = PBXProject;
			attributes = {
				LastSwiftUpdateCheck = 0910;
				LastUpgradeCheck = 0910;
				ORGANIZATIONNAME = "if26-grp3";
				TargetAttributes = {
					896EF3C31FE032AC00EE2206 = {
						CreatedOnToolsVersion = 9.1;
						ProvisioningStyle = Automatic;
					};
					896EF3D71FE032AC00EE2206 = {
						CreatedOnToolsVersion = 9.1;
						ProvisioningStyle = Automatic;
						TestTargetID = 896EF3C31FE032AC00EE2206;
					};
					896EF3E21FE032AC00EE2206 = {
						CreatedOnToolsVersion = 9.1;
						ProvisioningStyle = Automatic;
						TestTargetID = 896EF3C31FE032AC00EE2206;
					};
				};
			};
			buildConfigurationList = 896EF3BF1FE032AC00EE2206 /* Build configuration list for PBXProject "if26AppMK" */;
			compatibilityVersion = "Xcode 8.0";
			developmentRegion = en;
			hasScannedForEncodings = 0;
			knownRegions = (
				en,
				Base,
			);
			mainGroup = 896EF3BB1FE032AC00EE2206;
			productRefGroup = 896EF3C51FE032AC00EE2206 /* Products */;
			projectDirPath = "";
			projectReferences = (
				{
					ProductGroup = 896EF4351FE03B2500EE2206 /* Products */;
					ProjectRef = 896EF4341FE03B2500EE2206 /* SQLite.xcodeproj */;
				},
			);
			projectRoot = "";
			targets = (
				896EF3C31FE032AC00EE2206 /* if26AppMK */,
				896EF3D71FE032AC00EE2206 /* if26AppMKTests */,
				896EF3E21FE032AC00EE2206 /* if26AppMKUITests */,
			);
		};
/* End PBXProject section */

/* Begin PBXReferenceProxy section */
		896EF43F1FE03B2500EE2206 /* SQLite.framework */ = {
			isa = PBXReferenceProxy;
			fileType = wrapper.framework;
			path = SQLite.framework;
			remoteRef = 896EF43E1FE03B2500EE2206 /* PBXContainerItemProxy */;
			sourceTree = BUILT_PRODUCTS_DIR;
		};
		896EF4411FE03B2500EE2206 /* SQLiteTests iOS.xctest */ = {
			isa = PBXReferenceProxy;
			fileType = wrapper.cfbundle;
			path = "SQLiteTests iOS.xctest";
			remoteRef = 896EF4401FE03B2500EE2206 /* PBXContainerItemProxy */;
			sourceTree = BUILT_PRODUCTS_DIR;
		};
		896EF4431FE03B2500EE2206 /* SQLite.framework */ = {
			isa = PBXReferenceProxy;
			fileType = wrapper.framework;
			path = SQLite.framework;
			remoteRef = 896EF4421FE03B2500EE2206 /* PBXContainerItemProxy */;
			sourceTree = BUILT_PRODUCTS_DIR;
		};
		896EF4451FE03B2500EE2206 /* SQLiteTests Mac.xctest */ = {
			isa = PBXReferenceProxy;
			fileType = wrapper.cfbundle;
			path = "SQLiteTests Mac.xctest";
			remoteRef = 896EF4441FE03B2500EE2206 /* PBXContainerItemProxy */;
			sourceTree = BUILT_PRODUCTS_DIR;
		};
		896EF4471FE03B2500EE2206 /* SQLite.framework */ = {
			isa = PBXReferenceProxy;
			fileType = wrapper.framework;
			path = SQLite.framework;
			remoteRef = 896EF4461FE03B2500EE2206 /* PBXContainerItemProxy */;
			sourceTree = BUILT_PRODUCTS_DIR;
		};
		896EF4491FE03B2500EE2206 /* SQLiteTests tvOS.xctest */ = {
			isa = PBXReferenceProxy;
			fileType = wrapper.cfbundle;
			path = "SQLiteTests tvOS.xctest";
			remoteRef = 896EF4481FE03B2500EE2206 /* PBXContainerItemProxy */;
			sourceTree = BUILT_PRODUCTS_DIR;
		};
		896EF44B1FE03B2500EE2206 /* SQLite.framework */ = {
			isa = PBXReferenceProxy;
			fileType = wrapper.framework;
			path = SQLite.framework;
			remoteRef = 896EF44A1FE03B2500EE2206 /* PBXContainerItemProxy */;
			sourceTree = BUILT_PRODUCTS_DIR;
		};
/* End PBXReferenceProxy section */

/* Begin PBXResourcesBuildPhase section */
		896EF3C21FE032AC00EE2206 /* Resources */ = {
			isa = PBXResourcesBuildPhase;
			buildActionMask = 2147483647;
			files = (
				896EF45C1FE0543F00EE2206 /* utt.png in Resources */,
				896EF3D21FE032AC00EE2206 /* LaunchScreen.storyboard in Resources */,
				896EF3CF1FE032AC00EE2206 /* Assets.xcassets in Resources */,
				896EF4301FE0369700EE2206 /* Info.plist in Resources */,
				896EF3CD1FE032AC00EE2206 /* Main.storyboard in Resources */,
			);
			runOnlyForDeploymentPostprocessing = 0;
		};
		896EF3D61FE032AC00EE2206 /* Resources */ = {
			isa = PBXResourcesBuildPhase;
			buildActionMask = 2147483647;
			files = (
				896EF4311FE0369700EE2206 /* Info.plist in Resources */,
			);
			runOnlyForDeploymentPostprocessing = 0;
		};
		896EF3E11FE032AC00EE2206 /* Resources */ = {
			isa = PBXResourcesBuildPhase;
			buildActionMask = 2147483647;
			files = (
				896EF4321FE0369700EE2206 /* Info.plist in Resources */,
			);
			runOnlyForDeploymentPostprocessing = 0;
		};
/* End PBXResourcesBuildPhase section */

/* Begin PBXSourcesBuildPhase section */
		896EF3C01FE032AC00EE2206 /* Sources */ = {
			isa = PBXSourcesBuildPhase;
			buildActionMask = 2147483647;
			files = (
				896EF3CA1FE032AC00EE2206 /* ViewController.swift in Sources */,
				896EF3C81FE032AC00EE2206 /* AppDelegate.swift in Sources */,
				896EF4241FE0369700EE2206 /* FMDatabaseAdditions.m in Sources */,
				896EF42D1FE0369700EE2206 /* FMResultSet.m in Sources */,
				89CD8C531FEAB06E008B3C85 /* Marks.swift in Sources */,
				896EF4271FE0369700EE2206 /* FMDatabasePool.m in Sources */,
				896EF42A1FE0369700EE2206 /* FMDatabaseQueue.m in Sources */,
				896EF4211FE0369700EE2206 /* FMDatabase.m in Sources */,
			);
			runOnlyForDeploymentPostprocessing = 0;
		};
		896EF3D41FE032AC00EE2206 /* Sources */ = {
			isa = PBXSourcesBuildPhase;
			buildActionMask = 2147483647;
			files = (
				896EF3DD1FE032AC00EE2206 /* if26AppMKTests.swift in Sources */,
				896EF4221FE0369700EE2206 /* FMDatabase.m in Sources */,
				896EF4281FE0369700EE2206 /* FMDatabasePool.m in Sources */,
				896EF42B1FE0369700EE2206 /* FMDatabaseQueue.m in Sources */,
				896EF42E1FE0369700EE2206 /* FMResultSet.m in Sources */,
				896EF4251FE0369700EE2206 /* FMDatabaseAdditions.m in Sources */,
			);
			runOnlyForDeploymentPostprocessing = 0;
		};
		896EF3DF1FE032AC00EE2206 /* Sources */ = {
			isa = PBXSourcesBuildPhase;
			buildActionMask = 2147483647;
			files = (
				896EF3E81FE032AC00EE2206 /* if26AppMKUITests.swift in Sources */,
				896EF4231FE0369700EE2206 /* FMDatabase.m in Sources */,
				896EF4291FE0369700EE2206 /* FMDatabasePool.m in Sources */,
				896EF42C1FE0369700EE2206 /* FMDatabaseQueue.m in Sources */,
				896EF42F1FE0369700EE2206 /* FMResultSet.m in Sources */,
				896EF4261FE0369700EE2206 /* FMDatabaseAdditions.m in Sources */,
			);
			runOnlyForDeploymentPostprocessing = 0;
		};
/* End PBXSourcesBuildPhase section */

/* Begin PBXTargetDependency section */
		896EF3DA1FE032AC00EE2206 /* PBXTargetDependency */ = {
			isa = PBXTargetDependency;
			target = 896EF3C31FE032AC00EE2206 /* if26AppMK */;
			targetProxy = 896EF3D91FE032AC00EE2206 /* PBXContainerItemProxy */;
		};
		896EF3E51FE032AC00EE2206 /* PBXTargetDependency */ = {
			isa = PBXTargetDependency;
			target = 896EF3C31FE032AC00EE2206 /* if26AppMK */;
			targetProxy = 896EF3E41FE032AC00EE2206 /* PBXContainerItemProxy */;
		};
		896EF4511FE03B9400EE2206 /* PBXTargetDependency */ = {
			isa = PBXTargetDependency;
			name = "SQLite iOS";
			targetProxy = 896EF4501FE03B9400EE2206 /* PBXContainerItemProxy */;
		};
/* End PBXTargetDependency section */

/* Begin PBXVariantGroup section */
		896EF3CB1FE032AC00EE2206 /* Main.storyboard */ = {
			isa = PBXVariantGroup;
			children = (
				896EF3CC1FE032AC00EE2206 /* Base */,
			);
			name = Main.storyboard;
			sourceTree = "<group>";
		};
		896EF3D01FE032AC00EE2206 /* LaunchScreen.storyboard */ = {
			isa = PBXVariantGroup;
			children = (
				896EF3D11FE032AC00EE2206 /* Base */,
			);
			name = LaunchScreen.storyboard;
			sourceTree = "<group>";
		};
/* End PBXVariantGroup section */

/* Begin XCBuildConfiguration section */
		896EF3EA1FE032AC00EE2206 /* Debug */ = {
			isa = XCBuildConfiguration;
			buildSettings = {
				ALWAYS_SEARCH_USER_PATHS = NO;
				CLANG_ANALYZER_NONNULL = YES;
				CLANG_ANALYZER_NUMBER_OBJECT_CONVERSION = YES_AGGRESSIVE;
				CLANG_CXX_LANGUAGE_STANDARD = "gnu++14";
				CLANG_CXX_LIBRARY = "libc++";
				CLANG_ENABLE_MODULES = YES;
				CLANG_ENABLE_OBJC_ARC = YES;
				CLANG_WARN_BLOCK_CAPTURE_AUTORELEASING = YES;
				CLANG_WARN_BOOL_CONVERSION = YES;
				CLANG_WARN_COMMA = YES;
				CLANG_WARN_CONSTANT_CONVERSION = YES;
				CLANG_WARN_DIRECT_OBJC_ISA_USAGE = YES_ERROR;
				CLANG_WARN_DOCUMENTATION_COMMENTS = YES;
				CLANG_WARN_EMPTY_BODY = YES;
				CLANG_WARN_ENUM_CONVERSION = YES;
				CLANG_WARN_INFINITE_RECURSION = YES;
				CLANG_WARN_INT_CONVERSION = YES;
				CLANG_WARN_NON_LITERAL_NULL_CONVERSION = YES;
				CLANG_WARN_OBJC_LITERAL_CONVERSION = YES;
				CLANG_WARN_OBJC_ROOT_CLASS = YES_ERROR;
				CLANG_WARN_RANGE_LOOP_ANALYSIS = YES;
				CLANG_WARN_STRICT_PROTOTYPES = YES;
				CLANG_WARN_SUSPICIOUS_MOVE = YES;
				CLANG_WARN_UNGUARDED_AVAILABILITY = YES_AGGRESSIVE;
				CLANG_WARN_UNREACHABLE_CODE = YES;
				CLANG_WARN__DUPLICATE_METHOD_MATCH = YES;
				CODE_SIGN_IDENTITY = "iPhone Developer";
				COPY_PHASE_STRIP = NO;
				DEBUG_INFORMATION_FORMAT = dwarf;
				ENABLE_STRICT_OBJC_MSGSEND = YES;
				ENABLE_TESTABILITY = YES;
				GCC_C_LANGUAGE_STANDARD = gnu11;
				GCC_DYNAMIC_NO_PIC = NO;
				GCC_NO_COMMON_BLOCKS = YES;
				GCC_OPTIMIZATION_LEVEL = 0;
				GCC_PREPROCESSOR_DEFINITIONS = (
					"DEBUG=1",
					"$(inherited)",
				);
				GCC_WARN_64_TO_32_BIT_CONVERSION = YES;
				GCC_WARN_ABOUT_RETURN_TYPE = YES_ERROR;
				GCC_WARN_UNDECLARED_SELECTOR = YES;
				GCC_WARN_UNINITIALIZED_AUTOS = YES_AGGRESSIVE;
				GCC_WARN_UNUSED_FUNCTION = YES;
				GCC_WARN_UNUSED_VARIABLE = YES;
				IPHONEOS_DEPLOYMENT_TARGET = 11.1;
				MTL_ENABLE_DEBUG_INFO = YES;
				ONLY_ACTIVE_ARCH = YES;
				SDKROOT = iphoneos;
				SWIFT_ACTIVE_COMPILATION_CONDITIONS = DEBUG;
				SWIFT_OPTIMIZATION_LEVEL = "-Onone";
			};
			name = Debug;
		};
		896EF3EB1FE032AC00EE2206 /* Release */ = {
			isa = XCBuildConfiguration;
			buildSettings = {
				ALWAYS_SEARCH_USER_PATHS = NO;
				CLANG_ANALYZER_NONNULL = YES;
				CLANG_ANALYZER_NUMBER_OBJECT_CONVERSION = YES_AGGRESSIVE;
				CLANG_CXX_LANGUAGE_STANDARD = "gnu++14";
				CLANG_CXX_LIBRARY = "libc++";
				CLANG_ENABLE_MODULES = YES;
				CLANG_ENABLE_OBJC_ARC = YES;
				CLANG_WARN_BLOCK_CAPTURE_AUTORELEASING = YES;
				CLANG_WARN_BOOL_CONVERSION = YES;
				CLANG_WARN_COMMA = YES;
				CLANG_WARN_CONSTANT_CONVERSION = YES;
				CLANG_WARN_DIRECT_OBJC_ISA_USAGE = YES_ERROR;
				CLANG_WARN_DOCUMENTATION_COMMENTS = YES;
				CLANG_WARN_EMPTY_BODY = YES;
				CLANG_WARN_ENUM_CONVERSION = YES;
				CLANG_WARN_INFINITE_RECURSION = YES;
				CLANG_WARN_INT_CONVERSION = YES;
				CLANG_WARN_NON_LITERAL_NULL_CONVERSION = YES;
				CLANG_WARN_OBJC_LITERAL_CONVERSION = YES;
				CLANG_WARN_OBJC_ROOT_CLASS = YES_ERROR;
				CLANG_WARN_RANGE_LOOP_ANALYSIS = YES;
				CLANG_WARN_STRICT_PROTOTYPES = YES;
				CLANG_WARN_SUSPICIOUS_MOVE = YES;
				CLANG_WARN_UNGUARDED_AVAILABILITY = YES_AGGRESSIVE;
				CLANG_WARN_UNREACHABLE_CODE = YES;
				CLANG_WARN__DUPLICATE_METHOD_MATCH = YES;
				CODE_SIGN_IDENTITY = "iPhone Developer";
				COPY_PHASE_STRIP = NO;
				DEBUG_INFORMATION_FORMAT = "dwarf-with-dsym";
				ENABLE_NS_ASSERTIONS = NO;
				ENABLE_STRICT_OBJC_MSGSEND = YES;
				GCC_C_LANGUAGE_STANDARD = gnu11;
				GCC_NO_COMMON_BLOCKS = YES;
				GCC_WARN_64_TO_32_BIT_CONVERSION = YES;
				GCC_WARN_ABOUT_RETURN_TYPE = YES_ERROR;
				GCC_WARN_UNDECLARED_SELECTOR = YES;
				GCC_WARN_UNINITIALIZED_AUTOS = YES_AGGRESSIVE;
				GCC_WARN_UNUSED_FUNCTION = YES;
				GCC_WARN_UNUSED_VARIABLE = YES;
				IPHONEOS_DEPLOYMENT_TARGET = 11.1;
				MTL_ENABLE_DEBUG_INFO = NO;
				SDKROOT = iphoneos;
				SWIFT_OPTIMIZATION_LEVEL = "-Owholemodule";
				VALIDATE_PRODUCT = YES;
			};
			name = Release;
		};
		896EF3ED1FE032AC00EE2206 /* Debug */ = {
			isa = XCBuildConfiguration;
			buildSettings = {
				ALWAYS_EMBED_SWIFT_STANDARD_LIBRARIES = YES;
				ASSETCATALOG_COMPILER_APPICON_NAME = AppIcon;
				CODE_SIGN_STYLE = Automatic;
				INFOPLIST_FILE = if26AppMK/Info.plist;
				LD_RUNPATH_SEARCH_PATHS = "$(inherited) @executable_path/Frameworks";
				PRODUCT_BUNDLE_IDENTIFIER = if26.utt.fr.if26AppMK;
				PRODUCT_NAME = "$(TARGET_NAME)";
				SWIFT_VERSION = 4.0;
				TARGETED_DEVICE_FAMILY = "1,2";
			};
			name = Debug;
		};
		896EF3EE1FE032AC00EE2206 /* Release */ = {
			isa = XCBuildConfiguration;
			buildSettings = {
				ALWAYS_EMBED_SWIFT_STANDARD_LIBRARIES = YES;
				ASSETCATALOG_COMPILER_APPICON_NAME = AppIcon;
				CODE_SIGN_STYLE = Automatic;
				INFOPLIST_FILE = if26AppMK/Info.plist;
				LD_RUNPATH_SEARCH_PATHS = "$(inherited) @executable_path/Frameworks";
				PRODUCT_BUNDLE_IDENTIFIER = if26.utt.fr.if26AppMK;
				PRODUCT_NAME = "$(TARGET_NAME)";
				SWIFT_VERSION = 4.0;
				TARGETED_DEVICE_FAMILY = "1,2";
			};
			name = Release;
		};
		896EF3F01FE032AC00EE2206 /* Debug */ = {
			isa = XCBuildConfiguration;
			buildSettings = {
				ALWAYS_EMBED_SWIFT_STANDARD_LIBRARIES = YES;
				BUNDLE_LOADER = "$(TEST_HOST)";
				CODE_SIGN_STYLE = Automatic;
				INFOPLIST_FILE = if26AppMKTests/Info.plist;
				LD_RUNPATH_SEARCH_PATHS = "$(inherited) @executable_path/Frameworks @loader_path/Frameworks";
				PRODUCT_BUNDLE_IDENTIFIER = if26.utt.fr.if26AppMKTests;
				PRODUCT_NAME = "$(TARGET_NAME)";
				SWIFT_VERSION = 4.0;
				TARGETED_DEVICE_FAMILY = "1,2";
				TEST_HOST = "$(BUILT_PRODUCTS_DIR)/if26AppMK.app/if26AppMK";
			};
			name = Debug;
		};
		896EF3F11FE032AC00EE2206 /* Release */ = {
			isa = XCBuildConfiguration;
			buildSettings = {
				ALWAYS_EMBED_SWIFT_STANDARD_LIBRARIES = YES;
				BUNDLE_LOADER = "$(TEST_HOST)";
				CODE_SIGN_STYLE = Automatic;
				INFOPLIST_FILE = if26AppMKTests/Info.plist;
				LD_RUNPATH_SEARCH_PATHS = "$(inherited) @executable_path/Frameworks @loader_path/Frameworks";
				PRODUCT_BUNDLE_IDENTIFIER = if26.utt.fr.if26AppMKTests;
				PRODUCT_NAME = "$(TARGET_NAME)";
				SWIFT_VERSION = 4.0;
				TARGETED_DEVICE_FAMILY = "1,2";
				TEST_HOST = "$(BUILT_PRODUCTS_DIR)/if26AppMK.app/if26AppMK";
			};
			name = Release;
		};
		896EF3F31FE032AC00EE2206 /* Debug */ = {
			isa = XCBuildConfiguration;
			buildSettings = {
				ALWAYS_EMBED_SWIFT_STANDARD_LIBRARIES = YES;
				CODE_SIGN_STYLE = Automatic;
				INFOPLIST_FILE = if26AppMKUITests/Info.plist;
				LD_RUNPATH_SEARCH_PATHS = "$(inherited) @executable_path/Frameworks @loader_path/Frameworks";
				PRODUCT_BUNDLE_IDENTIFIER = if26.utt.fr.if26AppMKUITests;
				PRODUCT_NAME = "$(TARGET_NAME)";
				SWIFT_VERSION = 4.0;
				TARGETED_DEVICE_FAMILY = "1,2";
				TEST_TARGET_NAME = if26AppMK;
			};
			name = Debug;
		};
		896EF3F41FE032AC00EE2206 /* Release */ = {
			isa = XCBuildConfiguration;
			buildSettings = {
				ALWAYS_EMBED_SWIFT_STANDARD_LIBRARIES = YES;
				CODE_SIGN_STYLE = Automatic;
				INFOPLIST_FILE = if26AppMKUITests/Info.plist;
				LD_RUNPATH_SEARCH_PATHS = "$(inherited) @executable_path/Frameworks @loader_path/Frameworks";
				PRODUCT_BUNDLE_IDENTIFIER = if26.utt.fr.if26AppMKUITests;
				PRODUCT_NAME = "$(TARGET_NAME)";
				SWIFT_VERSION = 4.0;
				TARGETED_DEVICE_FAMILY = "1,2";
				TEST_TARGET_NAME = if26AppMK;
			};
			name = Release;
		};
/* End XCBuildConfiguration section */

/* Begin XCConfigurationList section */
		896EF3BF1FE032AC00EE2206 /* Build configuration list for PBXProject "if26AppMK" */ = {
			isa = XCConfigurationList;
			buildConfigurations = (
				896EF3EA1FE032AC00EE2206 /* Debug */,
				896EF3EB1FE032AC00EE2206 /* Release */,
			);
			defaultConfigurationIsVisible = 0;
			defaultConfigurationName = Release;
		};
		896EF3EC1FE032AC00EE2206 /* Build configuration list for PBXNativeTarget "if26AppMK" */ = {
			isa = XCConfigurationList;
			buildConfigurations = (
				896EF3ED1FE032AC00EE2206 /* Debug */,
				896EF3EE1FE032AC00EE2206 /* Release */,
			);
			defaultConfigurationIsVisible = 0;
			defaultConfigurationName = Release;
		};
		896EF3EF1FE032AC00EE2206 /* Build configuration list for PBXNativeTarget "if26AppMKTests" */ = {
			isa = XCConfigurationList;
			buildConfigurations = (
				896EF3F01FE032AC00EE2206 /* Debug */,
				896EF3F11FE032AC00EE2206 /* Release */,
			);
			defaultConfigurationIsVisible = 0;
			defaultConfigurationName = Release;
		};
		896EF3F21FE032AC00EE2206 /* Build configuration list for PBXNativeTarget "if26AppMKUITests" */ = {
			isa = XCConfigurationList;
			buildConfigurations = (
				896EF3F31FE032AC00EE2206 /* Debug */,
				896EF3F41FE032AC00EE2206 /* Release */,
			);
			defaultConfigurationIsVisible = 0;
			defaultConfigurationName = Release;
		};
/* End XCConfigurationList section */
	};
	rootObject = 896EF3BC1FE032AC00EE2206 /* Project object */;
}
